
Microsoft Visual Studio Solution File, Format Version 12.00
# Visual Studio 15
VisualStudioVersion = 15.0.28010.2019
MinimumVisualStudioVersion = 10.0.40219.1
Project("{FAE04EC0-301F-11D3-BF4B-00C04F79EFBC}") = "Program1", "Program1\Program1.csproj", "{716C2647-20FB-4C6D-84C8-10E67B46C48E}"
EndProject
Project("{FAE04EC0-301F-11D3-BF4B-00C04F79EFBC}") = "Program2", "Program2\Program2.csproj", "{4267BD5E-5A2B-4744-B88B-2EEE59002812}"
EndProject
Global
	GlobalSection(SolutionConfigurationPlatforms) = preSolution
		Debug|Any CPU = Debug|Any CPU
		Release|Any CPU = Release|Any CPU
	EndGlobalSection
	GlobalSection(ProjectConfigurationPlatforms) = postSolution
		{716C2647-20FB-4C6D-84C8-10E67B46C48E}.Debug|Any CPU.ActiveCfg = Debug|Any CPU
		{716C2647-20FB-4C6D-84C8-10E67B46C48E}.Debug|Any CPU.Build.0 = Debug|Any CPU
		{716C2647-20FB-4C6D-84C8-10E67B46C48E}.Release|Any CPU.ActiveCfg = Release|Any CPU
		{716C2647-20FB-4C6D-84C8-10E67B46C48E}.Release|Any CPU.Build.0 = Release|Any CPU
		{4267BD5E-5A2B-4744-B88B-2EEE59002812}.Debug|Any CPU.ActiveCfg = Debug|Any CPU
		{4267BD5E-5A2B-4744-B88B-2EEE59002812}.Debug|Any CPU.Build.0 = Debug|Any CPU
		{4267BD5E-5A2B-4744-B88B-2EEE59002812}.Release|Any CPU.ActiveCfg = Release|Any CPU
		{4267BD5E-5A2B-4744-B88B-2EEE59002812}.Release|Any CPU.Build.0 = Release|Any CPU
	EndGlobalSection
	GlobalSection(SolutionProperties) = preSolution
		HideSolutionNode = FALSE
	EndGlobalSection
	GlobalSection(ExtensibilityGlobals) = postSolution
		SolutionGuid = {3AB39850-EF36-4F62-9A4F-25F1210349B9}
	EndGlobalSection
EndGlobal
